
Microsoft Visual Studio Solution File, Format Version 12.00
# Visual Studio 15
VisualStudioVersion = 15.0.28010.2041
MinimumVisualStudioVersion = 10.0.40219.1
Project("{FAE04EC0-301F-11D3-BF4B-00C04F79EFBC}") = "Structs_Enums_Interfaces", "Structs_Enums_Interfaces\Structs_Enums_Interfaces.csproj", "{73CFCC38-9602-43C9-9E3F-7971641B2E1E}"
EndProject
Global
	GlobalSection(SolutionConfigurationPlatforms) = preSolution
		Debug|Any CPU = Debug|Any CPU
		Release|Any CPU = Release|Any CPU
	EndGlobalSection
	GlobalSection(ProjectConfigurationPlatforms) = postSolution
		{73CFCC38-9602-43C9-9E3F-7971641B2E1E}.Debug|Any CPU.ActiveCfg = Debug|Any CPU
		{73CFCC38-9602-43C9-9E3F-7971641B2E1E}.Debug|Any CPU.Build.0 = Debug|Any CPU
		{73CFCC38-9602-43C9-9E3F-7971641B2E1E}.Release|Any CPU.ActiveCfg = Release|Any CPU
		{73CFCC38-9602-43C9-9E3F-7971641B2E1E}.Release|Any CPU.Build.0 = Release|Any CPU
	EndGlobalSection
	GlobalSection(SolutionProperties) = preSolution
		HideSolutionNode = FALSE
	EndGlobalSection
	GlobalSection(ExtensibilityGlobals) = postSolution
		SolutionGuid = {27AF45B1-E5A4-47D7-A8C3-0C39DF3A1D06}
	EndGlobalSection
EndGlobal
