
Microsoft Visual Studio Solution File, Format Version 12.00
# Visual Studio 15
VisualStudioVersion = 15.0.28010.2041
MinimumVisualStudioVersion = 10.0.40219.1
Project("{FAE04EC0-301F-11D3-BF4B-00C04F79EFBC}") = "Overriding", "Overriding\Overriding.csproj", "{B57B86FE-55D4-44F6-9CA9-671CE9CD7544}"
EndProject
Project("{FAE04EC0-301F-11D3-BF4B-00C04F79EFBC}") = "Inheritance", "Inheritance\Inheritance.csproj", "{4D09A3B6-94FD-417A-8BCE-4FEF0C4C5D1D}"
EndProject
Global
	GlobalSection(SolutionConfigurationPlatforms) = preSolution
		Debug|Any CPU = Debug|Any CPU
		Release|Any CPU = Release|Any CPU
	EndGlobalSection
	GlobalSection(ProjectConfigurationPlatforms) = postSolution
		{B57B86FE-55D4-44F6-9CA9-671CE9CD7544}.Debug|Any CPU.ActiveCfg = Debug|Any CPU
		{B57B86FE-55D4-44F6-9CA9-671CE9CD7544}.Debug|Any CPU.Build.0 = Debug|Any CPU
		{B57B86FE-55D4-44F6-9CA9-671CE9CD7544}.Release|Any CPU.ActiveCfg = Release|Any CPU
		{B57B86FE-55D4-44F6-9CA9-671CE9CD7544}.Release|Any CPU.Build.0 = Release|Any CPU
		{4D09A3B6-94FD-417A-8BCE-4FEF0C4C5D1D}.Debug|Any CPU.ActiveCfg = Debug|Any CPU
		{4D09A3B6-94FD-417A-8BCE-4FEF0C4C5D1D}.Debug|Any CPU.Build.0 = Debug|Any CPU
		{4D09A3B6-94FD-417A-8BCE-4FEF0C4C5D1D}.Release|Any CPU.ActiveCfg = Release|Any CPU
		{4D09A3B6-94FD-417A-8BCE-4FEF0C4C5D1D}.Release|Any CPU.Build.0 = Release|Any CPU
	EndGlobalSection
	GlobalSection(SolutionProperties) = preSolution
		HideSolutionNode = FALSE
	EndGlobalSection
	GlobalSection(ExtensibilityGlobals) = postSolution
		SolutionGuid = {BCABF9DC-448D-4C80-AC1B-C8DCE554A9DF}
	EndGlobalSection
EndGlobal
